{
  "originHash" : "8ba34f1660f7a248aba66932a6a45915089a3af074a01f073ca7adae1fceb22f",
  "pins" : [
    {
      "identity" : "ios-openssl",
      "kind" : "remoteSourceControl",
      "location" : "git@github.com:pia-foss/ios-openssl.git",
      "state" : {
        "branch" : "main",
        "revision" : "ea32980bbd431cd2fd505538093c6258b0972099"
      }
    },
    {
      "identity" : "swift-log",
      "kind" : "remoteSourceControl",
      "location" : "https://github.com/apple/swift-log",
      "state" : {
        "revision" : "bc386b95f2a16ccd0150a8235e7c69eab2b866ca",
        "version" : "1.8.0"
      }
    }
  ],
  "version" : 3
}
